
Microsoft Visual Studio Solution File, Format Version 12.00
# Visual Studio Version 16
VisualStudioVersion = 16.0.31729.503
MinimumVisualStudioVersion = 10.0.40219.1
Project("{FAE04EC0-301F-11D3-BF4B-00C04F79EFBC}") = "Red Car Wash.Android", "Red Car Wash.Android\Red Car Wash.Android.csproj", "{1C1981D3-5054-4EBE-8098-BC9AE48C91FA}"
EndProject
Project("{9A19103F-16F7-4668-BE54-9A1E7A4F7556}") = "Red Car Wash", "Red Car Wash\Red Car Wash.csproj", "{A8801D6A-EC34-4836-9B5B-C8A69EF70F76}"
EndProject
Global
	GlobalSection(SolutionConfigurationPlatforms) = preSolution
		Debug|Any CPU = Debug|Any CPU
		Release|Any CPU = Release|Any CPU
	EndGlobalSection
	GlobalSection(ProjectConfigurationPlatforms) = postSolution
		{1C1981D3-5054-4EBE-8098-BC9AE48C91FA}.Debug|Any CPU.ActiveCfg = Debug|Any CPU
		{1C1981D3-5054-4EBE-8098-BC9AE48C91FA}.Debug|Any CPU.Build.0 = Debug|Any CPU
		{1C1981D3-5054-4EBE-8098-BC9AE48C91FA}.Debug|Any CPU.Deploy.0 = Debug|Any CPU
		{1C1981D3-5054-4EBE-8098-BC9AE48C91FA}.Release|Any CPU.ActiveCfg = Release|Any CPU
		{1C1981D3-5054-4EBE-8098-BC9AE48C91FA}.Release|Any CPU.Build.0 = Release|Any CPU
		{1C1981D3-5054-4EBE-8098-BC9AE48C91FA}.Release|Any CPU.Deploy.0 = Release|Any CPU
		{A8801D6A-EC34-4836-9B5B-C8A69EF70F76}.Debug|Any CPU.ActiveCfg = Debug|Any CPU
		{A8801D6A-EC34-4836-9B5B-C8A69EF70F76}.Debug|Any CPU.Build.0 = Debug|Any CPU
		{A8801D6A-EC34-4836-9B5B-C8A69EF70F76}.Debug|Any CPU.Deploy.0 = Debug|Any CPU
		{A8801D6A-EC34-4836-9B5B-C8A69EF70F76}.Release|Any CPU.ActiveCfg = Release|Any CPU
		{A8801D6A-EC34-4836-9B5B-C8A69EF70F76}.Release|Any CPU.Build.0 = Release|Any CPU
		{A8801D6A-EC34-4836-9B5B-C8A69EF70F76}.Release|Any CPU.Deploy.0 = Release|Any CPU
	EndGlobalSection
	GlobalSection(SolutionProperties) = preSolution
		HideSolutionNode = FALSE
	EndGlobalSection
	GlobalSection(ExtensibilityGlobals) = postSolution
		SolutionGuid = {FA1EED0E-600C-44BC-9E71-3CC27360CEAB}
	EndGlobalSection
EndGlobal
